Microsoft Visual Studio Solution File, Format Version 12.00
# Visual Studio Version 17
VisualStudioVersion = 17.5.2.0
MinimumVisualStudioVersion = 10.0.40219.1
Project("{FAE04EC0-301F-11D3-BF4B-00C04F79EFBC}") = "DuszaCompetitionApplication", "DuszaCompetitionApplication.csproj", "{E32F9F7C-3ADE-DC61-BD42-4EBB36A417F1}"
EndProject
Global
	GlobalSection(SolutionConfigurationPlatforms) = preSolution
		Debug|Any CPU = Debug|Any CPU
		Release|Any CPU = Release|Any CPU
	EndGlobalSection
	GlobalSection(ProjectConfigurationPlatforms) = postSolution
		{E32F9F7C-3ADE-DC61-BD42-4EBB36A417F1}.Debug|Any CPU.ActiveCfg = Debug|Any CPU
		{E32F9F7C-3ADE-DC61-BD42-4EBB36A417F1}.Debug|Any CPU.Build.0 = Debug|Any CPU
		{E32F9F7C-3ADE-DC61-BD42-4EBB36A417F1}.Release|Any CPU.ActiveCfg = Release|Any CPU
		{E32F9F7C-3ADE-DC61-BD42-4EBB36A417F1}.Release|Any CPU.Build.0 = Release|Any CPU
	EndGlobalSection
	GlobalSection(SolutionProperties) = preSolution
		HideSolutionNode = FALSE
	EndGlobalSection
	GlobalSection(ExtensibilityGlobals) = postSolution
		SolutionGuid = {1E53D7D9-9CDE-4FAD-A558-3D1A3387AEF0}
	EndGlobalSection
EndGlobal
